
Microsoft Visual Studio Solution File, Format Version 12.00
# Visual Studio Version 17
VisualStudioVersion = 17.3.32819.101
MinimumVisualStudioVersion = 10.0.40219.1
Project("{FAE04EC0-301F-11D3-BF4B-00C04F79EFBC}") = "PumpkinHunt", "PumpkinHunt.csproj", "{96F2AF7A-83DF-48C7-8464-7D0B5CD37A20}"
EndProject
Global
	GlobalSection(SolutionConfigurationPlatforms) = preSolution
		Debug|Any CPU = Debug|Any CPU
		Release|Any CPU = Release|Any CPU
	EndGlobalSection
	GlobalSection(ProjectConfigurationPlatforms) = postSolution
		{96F2AF7A-83DF-48C7-8464-7D0B5CD37A20}.Debug|Any CPU.ActiveCfg = Debug|Any CPU
		{96F2AF7A-83DF-48C7-8464-7D0B5CD37A20}.Debug|Any CPU.Build.0 = Debug|Any CPU
		{96F2AF7A-83DF-48C7-8464-7D0B5CD37A20}.Release|Any CPU.ActiveCfg = Release|Any CPU
		{96F2AF7A-83DF-48C7-8464-7D0B5CD37A20}.Release|Any CPU.Build.0 = Release|Any CPU
	EndGlobalSection
	GlobalSection(SolutionProperties) = preSolution
		HideSolutionNode = FALSE
	EndGlobalSection
	GlobalSection(ExtensibilityGlobals) = postSolution
		SolutionGuid = {F57EAA25-5EE5-4D46-8924-8C3FB289A657}
	EndGlobalSection
EndGlobal
